
Microsoft Visual Studio Solution File, Format Version 12.00
# Visual Studio Version 16
VisualStudioVersion = 16.0.31402.337
MinimumVisualStudioVersion = 10.0.40219.1
Project("{FAE04EC0-301F-11D3-BF4B-00C04F79EFBC}") = "MyPracticeCass", "MyPracticeCass.csproj", "{EAAD3EAD-32AC-4613-9175-86E940ABBFEC}"
EndProject
Global
	GlobalSection(SolutionConfigurationPlatforms) = preSolution
		Debug|Any CPU = Debug|Any CPU
		Release|Any CPU = Release|Any CPU
	EndGlobalSection
	GlobalSection(ProjectConfigurationPlatforms) = postSolution
		{EAAD3EAD-32AC-4613-9175-86E940ABBFEC}.Debug|Any CPU.ActiveCfg = Debug|Any CPU
		{EAAD3EAD-32AC-4613-9175-86E940ABBFEC}.Debug|Any CPU.Build.0 = Debug|Any CPU
		{EAAD3EAD-32AC-4613-9175-86E940ABBFEC}.Release|Any CPU.ActiveCfg = Release|Any CPU
		{EAAD3EAD-32AC-4613-9175-86E940ABBFEC}.Release|Any CPU.Build.0 = Release|Any CPU
	EndGlobalSection
	GlobalSection(SolutionProperties) = preSolution
		HideSolutionNode = FALSE
	EndGlobalSection
	GlobalSection(ExtensibilityGlobals) = postSolution
		SolutionGuid = {3188E33D-484F-4809-A28B-B7ACDDCFE294}
	EndGlobalSection
EndGlobal
